
Microsoft Visual Studio Solution File, Format Version 12.00
# Visual Studio Version 17
VisualStudioVersion = 17.7.34024.191
MinimumVisualStudioVersion = 10.0.40219.1
Project("{9A19103F-16F7-4668-BE54-9A1E7A4F7556}") = "OBS-Sistemi.Web", "OBS-Sistemi.Web\OBS-Sistemi.Web.csproj", "{D75F406F-5E4E-4852-978B-282A10E66B05}"
EndProject
Project("{FAE04EC0-301F-11D3-BF4B-00C04F79EFBC}") = "MainConsole", "MainConsole\MainConsole.csproj", "{C2A794A2-D8CC-4333-92DD-2013FF76F890}"
EndProject
Global
	GlobalSection(SolutionConfigurationPlatforms) = preSolution
		Debug|Any CPU = Debug|Any CPU
		Release|Any CPU = Release|Any CPU
	EndGlobalSection
	GlobalSection(ProjectConfigurationPlatforms) = postSolution
		{D75F406F-5E4E-4852-978B-282A10E66B05}.Debug|Any CPU.ActiveCfg = Debug|Any CPU
		{D75F406F-5E4E-4852-978B-282A10E66B05}.Debug|Any CPU.Build.0 = Debug|Any CPU
		{D75F406F-5E4E-4852-978B-282A10E66B05}.Release|Any CPU.ActiveCfg = Release|Any CPU
		{D75F406F-5E4E-4852-978B-282A10E66B05}.Release|Any CPU.Build.0 = Release|Any CPU
		{C2A794A2-D8CC-4333-92DD-2013FF76F890}.Debug|Any CPU.ActiveCfg = Debug|Any CPU
		{C2A794A2-D8CC-4333-92DD-2013FF76F890}.Debug|Any CPU.Build.0 = Debug|Any CPU
		{C2A794A2-D8CC-4333-92DD-2013FF76F890}.Release|Any CPU.ActiveCfg = Release|Any CPU
		{C2A794A2-D8CC-4333-92DD-2013FF76F890}.Release|Any CPU.Build.0 = Release|Any CPU
	EndGlobalSection
	GlobalSection(SolutionProperties) = preSolution
		HideSolutionNode = FALSE
	EndGlobalSection
	GlobalSection(ExtensibilityGlobals) = postSolution
		SolutionGuid = {1AFF4523-15F0-4607-89D2-423FE21891C3}
	EndGlobalSection
EndGlobal
